<Solution>
  <Project Path="QuackUp.Utils.csproj" />
  <Project Path="Extensions.csproj" />
  <Project Path="FitMe.Scene.csproj" />
  <Project Path="FitMe.Grid.csproj" />
  <Project Path="Google.Play.Games.Editor.csproj" />
  <Project Path="Google.Play.Games.csproj" />
  <Project Path="QuackUp.SocialService.csproj" />
  <Project Path="QuackUp.Save.csproj" />
  <Project Path="PrimeTween.Demo.csproj" />
  <Project Path="FitMe.Achievement.csproj" />
  <Project Path="FitMe.Entity.csproj" />
  <Project Path="FMODUnityResonanceEditor.csproj" />
  <Project Path="FitMe.Panel.csproj" />
  <Project Path="FMODUnityEditor.csproj" />
  <Project Path="Assembly-CSharp-Editor-firstpass.csproj" />
  <Project Path="FitMe.GameData.csproj" />
  <Project Path="FMODUnity.csproj" />
  <Project Path="QuackUp.Audio.csproj" />
  <Project Path="FMODUnityHaptics.csproj" />
  <Project Path="QuackUp.Core.csproj" />
  <Project Path="ExtensionsEditor.csproj" />
  <Project Path="FitMe.SocialService.Android.csproj" />
  <Project Path="QuackUp.Input.csproj" />
  <Project Path="QuackUp.GPGS.csproj" />
  <Project Path="FMODUnityResonance.csproj" />
  <Project Path="Assembly-CSharp-firstpass.csproj" />
  <Project Path="FitMe.Tutorial.csproj" />
  <Project Path="FitMe.Shared.csproj" />
  <Project Path="QuackUp.SceneManagement.csproj" />
  <Project Path="Assembly-CSharp-Editor.csproj" />
  <Project Path="Sirenix.OdinInspector.Modules.UnityMathematics.csproj" />
  <Project Path="PrimeTween.Debug.csproj" />
  <Project Path="sc.utilities.selectionhistory.editor.csproj" />
  <Project Path="Assembly-CSharp.csproj" />
  <Project Path="PrimeTween.Installer.csproj" />
</Solution>
